{
    "hash": "52144c7196745629b1937702d93392b8",
    "packages": [
        {
            "package": "zendframework/zendframework",
            "version": "dev-master",
            "source-reference": "47e00c731b93bf92afb50ff0018482452a9a8a98",
            "commit-date": "1342626828"
        }
    ],
    "packages-dev": null,
    "aliases": [

    ],
    "minimum-stability": "stable",
    "stability-flags": {
        "zendframework/zendframework": 20
    }
}
